// !$*UTF8*$!
{
	archiveVersion = 1;
	classes = {
	};
	objectVersion = 48;
	objects = {

/* Begin PBXBuildFile section */
		3E0F7D931FAF0AE700352058 /* NetworkFacade.swift in Sources */ = {isa = PBXBuildFile; fileRef = 3E0F7D921FAF0AE700352058 /* NetworkFacade.swift */; };
		3E0F7D951FAF0E4200352058 /* MQTTDelegate.swift in Sources */ = {isa = PBXBuildFile; fileRef = 3E0F7D941FAF0E4200352058 /* MQTTDelegate.swift */; };
		3E531A651FA8269C0061ECB5 /* UIColor.swift in Sources */ = {isa = PBXBuildFile; fileRef = 3E531A641FA8269C0061ECB5 /* UIColor.swift */; };
		3E531A671FA8281F0061ECB5 /* UserViewController.swift in Sources */ = {isa = PBXBuildFile; fileRef = 3E531A661FA8281F0061ECB5 /* UserViewController.swift */; };
		3E58CC311F95B6C30010236A /* AppDelegate.swift in Sources */ = {isa = PBXBuildFile; fileRef = 3E58CC301F95B6C30010236A /* AppDelegate.swift */; };
		3E58CC361F95B6C30010236A /* Main.storyboard in Resources */ = {isa = PBXBuildFile; fileRef = 3E58CC341F95B6C30010236A /* Main.storyboard */; };
		3E58CC381F95B6C30010236A /* Assets.xcassets in Resources */ = {isa = PBXBuildFile; fileRef = 3E58CC371F95B6C30010236A /* Assets.xcassets */; };
		3E58CC3B1F95B6C30010236A /* LaunchScreen.storyboard in Resources */ = {isa = PBXBuildFile; fileRef = 3E58CC391F95B6C30010236A /* LaunchScreen.storyboard */; };
		3E7C23FF1FD05469001D4A5E /* Constants.swift in Sources */ = {isa = PBXBuildFile; fileRef = 3E7C23FE1FD05469001D4A5E /* Constants.swift */; };
		3E7C24011FD13FE4001D4A5E /* SetupViewController.swift in Sources */ = {isa = PBXBuildFile; fileRef = 3E7C24001FD13FE4001D4A5E /* SetupViewController.swift */; };
		3E800F121FB31B6600357D58 /* ChangeUUIDViewController.swift in Sources */ = {isa = PBXBuildFile; fileRef = 3E800F111FB31B6600357D58 /* ChangeUUIDViewController.swift */; };
		3E93AFE11FBA88E10074A4E5 /* HubCommand.swift in Sources */ = {isa = PBXBuildFile; fileRef = 3E93AFE01FBA88E10074A4E5 /* HubCommand.swift */; };
		3E93AFE71FBA898E0074A4E5 /* LightStripEnums.swift in Sources */ = {isa = PBXBuildFile; fileRef = 3E93AFE61FBA898E0074A4E5 /* LightStripEnums.swift */; };
		3E9572161FCC21D200A9F394 /* DictionaryProtocol.swift in Sources */ = {isa = PBXBuildFile; fileRef = 3E9572151FCC21D200A9F394 /* DictionaryProtocol.swift */; };
		3E9572181FCC286B00A9F394 /* FirebaseHelper.swift in Sources */ = {isa = PBXBuildFile; fileRef = 3E9572171FCC286B00A9F394 /* FirebaseHelper.swift */; };
		3E9C42051FA6930200CB2166 /* ColorStore.swift in Sources */ = {isa = PBXBuildFile; fileRef = 3E9C42041FA6930200CB2166 /* ColorStore.swift */; };
		3EC9D7491FAD4BB3008E440D /* String.swift in Sources */ = {isa = PBXBuildFile; fileRef = 3EC9D7481FAD4BB3008E440D /* String.swift */; };
		3ED8131E1FABDC4D001F73D0 /* UIViewControllerExtensions.swift in Sources */ = {isa = PBXBuildFile; fileRef = 3ED8131D1FABDC4D001F73D0 /* UIViewControllerExtensions.swift */; };
		3EEC66CC1FBE8E660033551C /* UIAlertController.swift in Sources */ = {isa = PBXBuildFile; fileRef = 3EEC66CB1FBE8E660033551C /* UIAlertController.swift */; };
		3EEC66CE1FBE8F1C0033551C /* AppMeta.swift in Sources */ = {isa = PBXBuildFile; fileRef = 3EEC66CD1FBE8F1C0033551C /* AppMeta.swift */; };
		3EF22F8E1F95BBC200AF4B19 /* LoginScreenViewController.swift in Sources */ = {isa = PBXBuildFile; fileRef = 3EF22F841F95BBC100AF4B19 /* LoginScreenViewController.swift */; };
		3EF22F8F1F95BBC200AF4B19 /* HomeTabViewController.swift in Sources */ = {isa = PBXBuildFile; fileRef = 3EF22F851F95BBC100AF4B19 /* HomeTabViewController.swift */; };
		3EF22F921F95BBC200AF4B19 /* GoogleService-Info.plist in Resources */ = {isa = PBXBuildFile; fileRef = 3EF22F881F95BBC100AF4B19 /* GoogleService-Info.plist */; };
		3EF22F931F95BBC200AF4B19 /* RegisterViewController.swift in Sources */ = {isa = PBXBuildFile; fileRef = 3EF22F891F95BBC200AF4B19 /* RegisterViewController.swift */; };
		3EFA617D1F9D640800FBC94F /* Device.swift in Sources */ = {isa = PBXBuildFile; fileRef = 3EFA617C1F9D640800FBC94F /* Device.swift */; };
		3EFA617F1F9D649700FBC94F /* DeviceStore.swift in Sources */ = {isa = PBXBuildFile; fileRef = 3EFA617E1F9D649700FBC94F /* DeviceStore.swift */; };
		3EFA61831F9D6B4D00FBC94F /* AddDeviceViewController.swift in Sources */ = {isa = PBXBuildFile; fileRef = 3EFA61821F9D6B4D00FBC94F /* AddDeviceViewController.swift */; };
		DF0BC81815242501CE9952C4 /* Pods_LightStripApp.framework in Frameworks */ = {isa = PBXBuildFile; fileRef = DF7DAB9A3CD07A352C60FA3C /* Pods_LightStripApp.framework */; };
		E91228AA1FEE0D12003F101F /* UISegmentedControl.swift in Sources */ = {isa = PBXBuildFile; fileRef = E91228A91FEE0D12003F101F /* UISegmentedControl.swift */; };
		E93228EA1FF5F08F00C60290 /* DeviceCommand.swift in Sources */ = {isa = PBXBuildFile; fileRef = E93228E91FF5F08F00C60290 /* DeviceCommand.swift */; };
		E981C1451FFF4858005F0638 /* NetworkActual.swift in Sources */ = {isa = PBXBuildFile; fileRef = E981C1441FFF4858005F0638 /* NetworkActual.swift */; };
		E981C14B2000CAA6005F0638 /* NetworkBridge.swift in Sources */ = {isa = PBXBuildFile; fileRef = E981C14A2000CAA6005F0638 /* NetworkBridge.swift */; };
		E981C150200196B6005F0638 /* UIView.swift in Sources */ = {isa = PBXBuildFile; fileRef = E981C14F200196B6005F0638 /* UIView.swift */; };
		E981C1542001BE63005F0638 /* HomeViewController.swift in Sources */ = {isa = PBXBuildFile; fileRef = E981C1532001BE63005F0638 /* HomeViewController.swift */; };
		E981C1572001C503005F0638 /* ControlDeviceViewController.swift in Sources */ = {isa = PBXBuildFile; fileRef = E981C1562001C503005F0638 /* ControlDeviceViewController.swift */; };
		E981C1592001C556005F0638 /* DeviceTableViewCell.swift in Sources */ = {isa = PBXBuildFile; fileRef = E981C1582001C556005F0638 /* DeviceTableViewCell.swift */; };
		E9B3B68620202AEA0067FFB2 /* DevicesSubNavigationController.swift in Sources */ = {isa = PBXBuildFile; fileRef = E9B3B68520202AEA0067FFB2 /* DevicesSubNavigationController.swift */; };
		E9C21F1620033D0900F6A65B /* IDGenerator.swift in Sources */ = {isa = PBXBuildFile; fileRef = E9C21F1520033D0900F6A65B /* IDGenerator.swift */; };
/* End PBXBuildFile section */

/* Begin PBXFileReference section */
		3E0F7D921FAF0AE700352058 /* NetworkFacade.swift */ = {isa = PBXFileReference; lastKnownFileType = sourcecode.swift; path = NetworkFacade.swift; sourceTree = "<group>"; };
		3E0F7D941FAF0E4200352058 /* MQTTDelegate.swift */ = {isa = PBXFileReference; lastKnownFileType = sourcecode.swift; path = MQTTDelegate.swift; sourceTree = "<group>"; };
		3E531A641FA8269C0061ECB5 /* UIColor.swift */ = {isa = PBXFileReference; lastKnownFileType = sourcecode.swift; path = UIColor.swift; sourceTree = "<group>"; };
		3E531A661FA8281F0061ECB5 /* UserViewController.swift */ = {isa = PBXFileReference; lastKnownFileType = sourcecode.swift; path = UserViewController.swift; sourceTree = "<group>"; };
		3E58CC2D1F95B6C30010236A /* LightStripApp.app */ = {isa = PBXFileReference; explicitFileType = wrapper.application; includeInIndex = 0; path = LightStripApp.app; sourceTree = BUILT_PRODUCTS_DIR; };
		3E58CC301F95B6C30010236A /* AppDelegate.swift */ = {isa = PBXFileReference; lastKnownFileType = sourcecode.swift; path = AppDelegate.swift; sourceTree = "<group>"; };
		3E58CC351F95B6C30010236A /* Base */ = {isa = PBXFileReference; lastKnownFileType = file.storyboard; name = Base; path = Base.lproj/Main.storyboard; sourceTree = "<group>"; };
		3E58CC371F95B6C30010236A /* Assets.xcassets */ = {isa = PBXFileReference; lastKnownFileType = folder.assetcatalog; path = Assets.xcassets; sourceTree = "<group>"; };
		3E58CC3A1F95B6C30010236A /* Base */ = {isa = PBXFileReference; lastKnownFileType = file.storyboard; name = Base; path = Base.lproj/LaunchScreen.storyboard; sourceTree = "<group>"; };
		3E58CC3C1F95B6C30010236A /* Info.plist */ = {isa = PBXFileReference; lastKnownFileType = text.plist.xml; path = Info.plist; sourceTree = "<group>"; };
		3E7C23FE1FD05469001D4A5E /* Constants.swift */ = {isa = PBXFileReference; lastKnownFileType = sourcecode.swift; path = Constants.swift; sourceTree = "<group>"; };
		3E7C24001FD13FE4001D4A5E /* SetupViewController.swift */ = {isa = PBXFileReference; lastKnownFileType = sourcecode.swift; path = SetupViewController.swift; sourceTree = "<group>"; };
		3E800F111FB31B6600357D58 /* ChangeUUIDViewController.swift */ = {isa = PBXFileReference; lastKnownFileType = sourcecode.swift; path = ChangeUUIDViewController.swift; sourceTree = "<group>"; };
		3E93AFE01FBA88E10074A4E5 /* HubCommand.swift */ = {isa = PBXFileReference; lastKnownFileType = sourcecode.swift; path = HubCommand.swift; sourceTree = "<group>"; };
		3E93AFE61FBA898E0074A4E5 /* LightStripEnums.swift */ = {isa = PBXFileReference; lastKnownFileType = sourcecode.swift; path = LightStripEnums.swift; sourceTree = "<group>"; };
		3E9572151FCC21D200A9F394 /* DictionaryProtocol.swift */ = {isa = PBXFileReference; lastKnownFileType = sourcecode.swift; path = DictionaryProtocol.swift; sourceTree = "<group>"; };
		3E9572171FCC286B00A9F394 /* FirebaseHelper.swift */ = {isa = PBXFileReference; lastKnownFileType = sourcecode.swift; path = FirebaseHelper.swift; sourceTree = "<group>"; };
		3E9C42041FA6930200CB2166 /* ColorStore.swift */ = {isa = PBXFileReference; lastKnownFileType = sourcecode.swift; path = ColorStore.swift; sourceTree = "<group>"; };
		3EC9D7481FAD4BB3008E440D /* String.swift */ = {isa = PBXFileReference; lastKnownFileType = sourcecode.swift; path = String.swift; sourceTree = "<group>"; };
		3ED8131D1FABDC4D001F73D0 /* UIViewControllerExtensions.swift */ = {isa = PBXFileReference; lastKnownFileType = sourcecode.swift; path = UIViewControllerExtensions.swift; sourceTree = "<group>"; };
		3EEC66CB1FBE8E660033551C /* UIAlertController.swift */ = {isa = PBXFileReference; lastKnownFileType = sourcecode.swift; path = UIAlertController.swift; sourceTree = "<group>"; };
		3EEC66CD1FBE8F1C0033551C /* AppMeta.swift */ = {isa = PBXFileReference; lastKnownFileType = sourcecode.swift; path = AppMeta.swift; sourceTree = "<group>"; };
		3EF22F841F95BBC100AF4B19 /* LoginScreenViewController.swift */ = {isa = PBXFileReference; fileEncoding = 4; lastKnownFileType = sourcecode.swift; path = LoginScreenViewController.swift; sourceTree = "<group>"; };
		3EF22F851F95BBC100AF4B19 /* HomeTabViewController.swift */ = {isa = PBXFileReference; fileEncoding = 4; lastKnownFileType = sourcecode.swift; path = HomeTabViewController.swift; sourceTree = "<group>"; };
		3EF22F881F95BBC100AF4B19 /* GoogleService-Info.plist */ = {isa = PBXFileReference; fileEncoding = 4; lastKnownFileType = text.plist.xml; path = "GoogleService-Info.plist"; sourceTree = "<group>"; };
		3EF22F891F95BBC200AF4B19 /* RegisterViewController.swift */ = {isa = PBXFileReference; fileEncoding = 4; lastKnownFileType = sourcecode.swift; path = RegisterViewController.swift; sourceTree = "<group>"; };
		3EFA617C1F9D640800FBC94F /* Device.swift */ = {isa = PBXFileReference; lastKnownFileType = sourcecode.swift; path = Device.swift; sourceTree = "<group>"; };
		3EFA617E1F9D649700FBC94F /* DeviceStore.swift */ = {isa = PBXFileReference; lastKnownFileType = sourcecode.swift; path = DeviceStore.swift; sourceTree = "<group>"; };
		3EFA61821F9D6B4D00FBC94F /* AddDeviceViewController.swift */ = {isa = PBXFileReference; lastKnownFileType = sourcecode.swift; path = AddDeviceViewController.swift; sourceTree = "<group>"; };
		6E293F856B8142EFE0F5082E /* Pods-LightStripApp.release.xcconfig */ = {isa = PBXFileReference; includeInIndex = 1; lastKnownFileType = text.xcconfig; name = "Pods-LightStripApp.release.xcconfig"; path = "Pods/Target Support Files/Pods-LightStripApp/Pods-LightStripApp.release.xcconfig"; sourceTree = "<group>"; };
		BF134EAEB2A874F9CA6974F8 /* Pods-LightStripApp.debug.xcconfig */ = {isa = PBXFileReference; includeInIndex = 1; lastKnownFileType = text.xcconfig; name = "Pods-LightStripApp.debug.xcconfig"; path = "Pods/Target Support Files/Pods-LightStripApp/Pods-LightStripApp.debug.xcconfig"; sourceTree = "<group>"; };
		DF7DAB9A3CD07A352C60FA3C /* Pods_LightStripApp.framework */ = {isa = PBXFileReference; explicitFileType = wrapper.framework; includeInIndex = 0; path = Pods_LightStripApp.framework; sourceTree = BUILT_PRODUCTS_DIR; };
		E91228A91FEE0D12003F101F /* UISegmentedControl.swift */ = {isa = PBXFileReference; lastKnownFileType = sourcecode.swift; path = UISegmentedControl.swift; sourceTree = "<group>"; };
		E93228E91FF5F08F00C60290 /* DeviceCommand.swift */ = {isa = PBXFileReference; fileEncoding = 4; lastKnownFileType = sourcecode.swift; path = DeviceCommand.swift; sourceTree = "<group>"; };
		E981C1441FFF4858005F0638 /* NetworkActual.swift */ = {isa = PBXFileReference; lastKnownFileType = sourcecode.swift; path = NetworkActual.swift; sourceTree = "<group>"; };
		E981C14A2000CAA6005F0638 /* NetworkBridge.swift */ = {isa = PBXFileReference; lastKnownFileType = sourcecode.swift; path = NetworkBridge.swift; sourceTree = "<group>"; };
		E981C14F200196B6005F0638 /* UIView.swift */ = {isa = PBXFileReference; lastKnownFileType = sourcecode.swift; path = UIView.swift; sourceTree = "<group>"; };
		E981C1532001BE63005F0638 /* HomeViewController.swift */ = {isa = PBXFileReference; lastKnownFileType = sourcecode.swift; path = HomeViewController.swift; sourceTree = "<group>"; };
		E981C1562001C503005F0638 /* ControlDeviceViewController.swift */ = {isa = PBXFileReference; lastKnownFileType = sourcecode.swift; path = ControlDeviceViewController.swift; sourceTree = "<group>"; };
		E981C1582001C556005F0638 /* DeviceTableViewCell.swift */ = {isa = PBXFileReference; lastKnownFileType = sourcecode.swift; path = DeviceTableViewCell.swift; sourceTree = "<group>"; };
		E9B3B68520202AEA0067FFB2 /* DevicesSubNavigationController.swift */ = {isa = PBXFileReference; lastKnownFileType = sourcecode.swift; path = DevicesSubNavigationController.swift; sourceTree = "<group>"; };
		E9C21F1520033D0900F6A65B /* IDGenerator.swift */ = {isa = PBXFileReference; lastKnownFileType = sourcecode.swift; path = IDGenerator.swift; sourceTree = "<group>"; };
		E9F103C41FEBD48F0095A763 /* LightStripApp.entitlements */ = {isa = PBXFileReference; lastKnownFileType = text.plist.entitlements; path = LightStripApp.entitlements; sourceTree = "<group>"; };
/* End PBXFileReference section */

/* Begin PBXFrameworksBuildPhase section */
		3E58CC2A1F95B6C30010236A /* Frameworks */ = {
			isa = PBXFrameworksBuildPhase;
			buildActionMask = 2147483647;
			files = (
				DF0BC81815242501CE9952C4 /* Pods_LightStripApp.framework in Frameworks */,
			);
			runOnlyForDeploymentPostprocessing = 0;
		};
/* End PBXFrameworksBuildPhase section */

/* Begin PBXGroup section */
		0A60B238C06673E4FFB34C24 /* Frameworks */ = {
			isa = PBXGroup;
			children = (
				DF7DAB9A3CD07A352C60FA3C /* Pods_LightStripApp.framework */,
			);
			name = Frameworks;
			sourceTree = "<group>";
		};
		3192F5F5F25CCD2201D5385C /* Pods */ = {
			isa = PBXGroup;
			children = (
				BF134EAEB2A874F9CA6974F8 /* Pods-LightStripApp.debug.xcconfig */,
				6E293F856B8142EFE0F5082E /* Pods-LightStripApp.release.xcconfig */,
			);
			name = Pods;
			sourceTree = "<group>";
		};
		3E0F7D961FAF0ECA00352058 /* Constants */ = {
			isa = PBXGroup;
			children = (
				3E7C23FE1FD05469001D4A5E /* Constants.swift */,
			);
			name = Constants;
			sourceTree = "<group>";
		};
		3E4FA1B91FA7F75600FF585B /* Rest */ = {
			isa = PBXGroup;
			children = (
				3E4FA1BC1FA7F78E00FF585B /* LoginRegis */,
				3E4FA1BA1FA7F76F00FF585B /* NavTab */,
				E981C1552001C42E005F0638 /* HomeTab */,
				3E800F0D1FB31AD500357D58 /* UserTab */,
				E981C15A2001C669005F0638 /* SettingsTab */,
			);
			name = Rest;
			sourceTree = "<group>";
		};
		3E4FA1BA1FA7F76F00FF585B /* NavTab */ = {
			isa = PBXGroup;
			children = (
				3EF22F851F95BBC100AF4B19 /* HomeTabViewController.swift */,
			);
			name = NavTab;
			sourceTree = "<group>";
		};
		3E4FA1BB1FA7F78300FF585B /* AddDevice */ = {
			isa = PBXGroup;
			children = (
				3EFA61821F9D6B4D00FBC94F /* AddDeviceViewController.swift */,
			);
			name = AddDevice;
			sourceTree = "<group>";
		};
		3E4FA1BC1FA7F78E00FF585B /* LoginRegis */ = {
			isa = PBXGroup;
			children = (
				3EF22F891F95BBC200AF4B19 /* RegisterViewController.swift */,
				3EF22F841F95BBC100AF4B19 /* LoginScreenViewController.swift */,
			);
			name = LoginRegis;
			sourceTree = "<group>";
		};
		3E531A631FA826940061ECB5 /* Extensions */ = {
			isa = PBXGroup;
			children = (
				3E531A641FA8269C0061ECB5 /* UIColor.swift */,
				3ED8131D1FABDC4D001F73D0 /* UIViewControllerExtensions.swift */,
				3EC9D7481FAD4BB3008E440D /* String.swift */,
				3EEC66CB1FBE8E660033551C /* UIAlertController.swift */,
				E91228A91FEE0D12003F101F /* UISegmentedControl.swift */,
				E981C14F200196B6005F0638 /* UIView.swift */,
			);
			name = Extensions;
			sourceTree = "<group>";
		};
		3E58CC241F95B6C30010236A = {
			isa = PBXGroup;
			children = (
				3E58CC2F1F95B6C30010236A /* LightStripApp */,
				3E58CC2E1F95B6C30010236A /* Products */,
				3192F5F5F25CCD2201D5385C /* Pods */,
				0A60B238C06673E4FFB34C24 /* Frameworks */,
			);
			sourceTree = "<group>";
		};
		3E58CC2E1F95B6C30010236A /* Products */ = {
			isa = PBXGroup;
			children = (
				3E58CC2D1F95B6C30010236A /* LightStripApp.app */,
			);
			name = Products;
			sourceTree = "<group>";
		};
		3E58CC2F1F95B6C30010236A /* LightStripApp */ = {
			isa = PBXGroup;
			children = (
				E981C14C2000E666005F0638 /* Libraries */,
				E9F103C41FEBD48F0095A763 /* LightStripApp.entitlements */,
				3E0F7D961FAF0ECA00352058 /* Constants */,
				3E531A631FA826940061ECB5 /* Extensions */,
				3EFA617B1F9D63F800FBC94F /* Model */,
				3E7D90DD1F97208200B7B7D7 /* Network */,
				3EF22F9B1F95C00B00AF4B19 /* Base */,
				3E4FA1B91FA7F75600FF585B /* Rest */,
			);
			path = LightStripApp;
			sourceTree = "<group>";
		};
		3E7D90DD1F97208200B7B7D7 /* Network */ = {
			isa = PBXGroup;
			children = (
				3E93AFDF1FBA88CB0074A4E5 /* NetworkModel */,
			);
			name = Network;
			sourceTree = "<group>";
		};
		3E800F0D1FB31AD500357D58 /* UserTab */ = {
			isa = PBXGroup;
			children = (
				3E800F101FB31B5700357D58 /* ChangeUUID */,
				3E531A661FA8281F0061ECB5 /* UserViewController.swift */,
			);
			name = UserTab;
			sourceTree = "<group>";
		};
		3E800F0F1FB31AE800357D58 /* Devices */ = {
			isa = PBXGroup;
			children = (
				E9B3B68420202AAD0067FFB2 /* DeviceSub */,
				3E4FA1BB1FA7F78300FF585B /* AddDevice */,
				E9B3B68520202AEA0067FFB2 /* DevicesSubNavigationController.swift */,
				E981C1562001C503005F0638 /* ControlDeviceViewController.swift */,
				E981C1582001C556005F0638 /* DeviceTableViewCell.swift */,
			);
			name = Devices;
			sourceTree = "<group>";
		};
		3E800F101FB31B5700357D58 /* ChangeUUID */ = {
			isa = PBXGroup;
			children = (
				3E800F111FB31B6600357D58 /* ChangeUUIDViewController.swift */,
			);
			name = ChangeUUID;
			sourceTree = "<group>";
		};
		3E93AFDF1FBA88CB0074A4E5 /* NetworkModel */ = {
			isa = PBXGroup;
			children = (
				E981C1471FFF7995005F0638 /* NetworkFacade */,
				E981C1492000CA94005F0638 /* NetworkBridge */,
				E981C1461FFF7989005F0638 /* NetworkActual */,
				E93228E41FF5EE0100C60290 /* Model */,
				E9C21F1520033D0900F6A65B /* IDGenerator.swift */,
			);
			name = NetworkModel;
			sourceTree = "<group>";
		};
		3EF22F9B1F95C00B00AF4B19 /* Base */ = {
			isa = PBXGroup;
			children = (
				3E58CC371F95B6C30010236A /* Assets.xcassets */,
				3EEC66CD1FBE8F1C0033551C /* AppMeta.swift */,
				3E58CC301F95B6C30010236A /* AppDelegate.swift */,
				3E7C24001FD13FE4001D4A5E /* SetupViewController.swift */,
				3EF22F881F95BBC100AF4B19 /* GoogleService-Info.plist */,
				3E58CC341F95B6C30010236A /* Main.storyboard */,
				3E58CC391F95B6C30010236A /* LaunchScreen.storyboard */,
				3E58CC3C1F95B6C30010236A /* Info.plist */,
			);
			name = Base;
			sourceTree = "<group>";
		};
		3EFA617B1F9D63F800FBC94F /* Model */ = {
			isa = PBXGroup;
			children = (
				3EFA617C1F9D640800FBC94F /* Device.swift */,
				3EFA617E1F9D649700FBC94F /* DeviceStore.swift */,
				3E9C42041FA6930200CB2166 /* ColorStore.swift */,
				3E9572151FCC21D200A9F394 /* DictionaryProtocol.swift */,
			);
			name = Model;
			sourceTree = "<group>";
		};
		E93228E41FF5EE0100C60290 /* Model */ = {
			isa = PBXGroup;
			children = (
				3E93AFE61FBA898E0074A4E5 /* LightStripEnums.swift */,
				E93228E91FF5F08F00C60290 /* DeviceCommand.swift */,
				3E93AFE01FBA88E10074A4E5 /* HubCommand.swift */,
			);
			name = Model;
			sourceTree = "<group>";
		};
		E981C1461FFF7989005F0638 /* NetworkActual */ = {
			isa = PBXGroup;
			children = (
				E981C1441FFF4858005F0638 /* NetworkActual.swift */,
				3E0F7D941FAF0E4200352058 /* MQTTDelegate.swift */,
			);
			name = NetworkActual;
			sourceTree = "<group>";
		};
		E981C1471FFF7995005F0638 /* NetworkFacade */ = {
			isa = PBXGroup;
			children = (
				3E9572171FCC286B00A9F394 /* FirebaseHelper.swift */,
				3E0F7D921FAF0AE700352058 /* NetworkFacade.swift */,
			);
			name = NetworkFacade;
			sourceTree = "<group>";
		};
		E981C1492000CA94005F0638 /* NetworkBridge */ = {
			isa = PBXGroup;
			children = (
				E981C14A2000CAA6005F0638 /* NetworkBridge.swift */,
			);
			name = NetworkBridge;
			sourceTree = "<group>";
		};
		E981C14C2000E666005F0638 /* Libraries */ = {
			isa = PBXGroup;
			children = (
			);
			name = Libraries;
			sourceTree = "<group>";
		};
		E981C1552001C42E005F0638 /* HomeTab */ = {
			isa = PBXGroup;
			children = (
				E981C1532001BE63005F0638 /* HomeViewController.swift */,
				3E800F0F1FB31AE800357D58 /* Devices */,
			);
			name = HomeTab;
			sourceTree = "<group>";
		};
		E981C15A2001C669005F0638 /* SettingsTab */ = {
			isa = PBXGroup;
			children = (
			);
			name = SettingsTab;
			sourceTree = "<group>";
		};
		E9B3B68420202AAD0067FFB2 /* DeviceSub */ = {
			isa = PBXGroup;
			children = (
			);
			name = DeviceSub;
			sourceTree = "<group>";
		};
/* End PBXGroup section */

/* Begin PBXNativeTarget section */
		3E58CC2C1F95B6C30010236A /* LightStripApp */ = {
			isa = PBXNativeTarget;
			buildConfigurationList = 3E58CC3F1F95B6C30010236A /* Build configuration list for PBXNativeTarget "LightStripApp" */;
			buildPhases = (
				A6D04E04034CEAF4EAA8132A /* [CP] Check Pods Manifest.lock */,
				3E58CC291F95B6C30010236A /* Sources */,
				3E58CC2A1F95B6C30010236A /* Frameworks */,
				3E58CC2B1F95B6C30010236A /* Resources */,
				3C6C2E2EDB6B2348E18E8EAA /* [CP] Embed Pods Frameworks */,
				52C7CD3112D7F21A570E1D2E /* [CP] Copy Pods Resources */,
			);
			buildRules = (
			);
			dependencies = (
			);
			name = LightStripApp;
			productName = LightStripApp;
			productReference = 3E58CC2D1F95B6C30010236A /* LightStripApp.app */;
			productType = "com.apple.product-type.application";
		};
/* End PBXNativeTarget section */

/* Begin PBXProject section */
		3E58CC251F95B6C30010236A /* Project object */ = {
			isa = PBXProject;
			attributes = {
				LastSwiftUpdateCheck = 0910;
				LastUpgradeCheck = 0910;
				ORGANIZATIONNAME = ZheChengXu;
				TargetAttributes = {
					3E58CC2C1F95B6C30010236A = {
						CreatedOnToolsVersion = 9.1;
						ProvisioningStyle = Automatic;
						SystemCapabilities = {
							com.apple.Push = {
								enabled = 1;
							};
						};
					};
				};
			};
			buildConfigurationList = 3E58CC281F95B6C30010236A /* Build configuration list for PBXProject "LightStripApp" */;
			compatibilityVersion = "Xcode 8.0";
			developmentRegion = en;
			hasScannedForEncodings = 0;
			knownRegions = (
				en,
				Base,
			);
			mainGroup = 3E58CC241F95B6C30010236A;
			productRefGroup = 3E58CC2E1F95B6C30010236A /* Products */;
			projectDirPath = "";
			projectRoot = "";
			targets = (
				3E58CC2C1F95B6C30010236A /* LightStripApp */,
			);
		};
/* End PBXProject section */

/* Begin PBXResourcesBuildPhase section */
		3E58CC2B1F95B6C30010236A /* Resources */ = {
			isa = PBXResourcesBuildPhase;
			buildActionMask = 2147483647;
			files = (
				3E58CC3B1F95B6C30010236A /* LaunchScreen.storyboard in Resources */,
				3EF22F921F95BBC200AF4B19 /* GoogleService-Info.plist in Resources */,
				3E58CC381F95B6C30010236A /* Assets.xcassets in Resources */,
				3E58CC361F95B6C30010236A /* Main.storyboard in Resources */,
			);
			runOnlyForDeploymentPostprocessing = 0;
		};
/* End PBXResourcesBuildPhase section */

/* Begin PBXShellScriptBuildPhase section */
		3C6C2E2EDB6B2348E18E8EAA /* [CP] Embed Pods Frameworks */ = {
			isa = PBXShellScriptBuildPhase;
			buildActionMask = 2147483647;
			files = (
			);
			inputPaths = (
				"${SRCROOT}/Pods/Target Support Files/Pods-LightStripApp/Pods-LightStripApp-frameworks.sh",
				"${BUILT_PRODUCTS_DIR}/BoringSSL/openssl.framework",
				"${BUILT_PRODUCTS_DIR}/ChromaColorPicker/ChromaColorPicker.framework",
				"${BUILT_PRODUCTS_DIR}/CocoaAsyncSocket/CocoaAsyncSocket.framework",
				"${BUILT_PRODUCTS_DIR}/CocoaMQTT/CocoaMQTT.framework",
				"${BUILT_PRODUCTS_DIR}/GTMSessionFetcher/GTMSessionFetcher.framework",
				"${BUILT_PRODUCTS_DIR}/GoogleToolboxForMac/GoogleToolboxForMac.framework",
				"${BUILT_PRODUCTS_DIR}/NVActivityIndicatorView/NVActivityIndicatorView.framework",
				"${BUILT_PRODUCTS_DIR}/Protobuf/Protobuf.framework",
				"${BUILT_PRODUCTS_DIR}/SVProgressHUD/SVProgressHUD.framework",
				"${BUILT_PRODUCTS_DIR}/SwiftyTimer/SwiftyTimer.framework",
				"${BUILT_PRODUCTS_DIR}/gRPC/GRPCClient.framework",
				"${BUILT_PRODUCTS_DIR}/gRPC-Core/grpc.framework",
				"${BUILT_PRODUCTS_DIR}/gRPC-ProtoRPC/ProtoRPC.framework",
				"${BUILT_PRODUCTS_DIR}/gRPC-RxLibrary/RxLibrary.framework",
				"${BUILT_PRODUCTS_DIR}/leveldb-library/leveldb.framework",
				"${BUILT_PRODUCTS_DIR}/nanopb/nanopb.framework",
			);
			name = "[CP] Embed Pods Frameworks";
			outputPaths = (
				"${TARGET_BUILD_DIR}/${FRAMEWORKS_FOLDER_PATH}/openssl.framework",
				"${TARGET_BUILD_DIR}/${FRAMEWORKS_FOLDER_PATH}/ChromaColorPicker.framework",
				"${TARGET_BUILD_DIR}/${FRAMEWORKS_FOLDER_PATH}/CocoaAsyncSocket.framework",
				"${TARGET_BUILD_DIR}/${FRAMEWORKS_FOLDER_PATH}/CocoaMQTT.framework",
				"${TARGET_BUILD_DIR}/${FRAMEWORKS_FOLDER_PATH}/GTMSessionFetcher.framework",
				"${TARGET_BUILD_DIR}/${FRAMEWORKS_FOLDER_PATH}/GoogleToolboxForMac.framework",
				"${TARGET_BUILD_DIR}/${FRAMEWORKS_FOLDER_PATH}/NVActivityIndicatorView.framework",
				"${TARGET_BUILD_DIR}/${FRAMEWORKS_FOLDER_PATH}/Protobuf.framework",
				"${TARGET_BUILD_DIR}/${FRAMEWORKS_FOLDER_PATH}/SVProgressHUD.framework",
				"${TARGET_BUILD_DIR}/${FRAMEWORKS_FOLDER_PATH}/SwiftyTimer.framework",
				"${TARGET_BUILD_DIR}/${FRAMEWORKS_FOLDER_PATH}/GRPCClient.framework",
				"${TARGET_BUILD_DIR}/${FRAMEWORKS_FOLDER_PATH}/grpc.framework",
				"${TARGET_BUILD_DIR}/${FRAMEWORKS_FOLDER_PATH}/ProtoRPC.framework",
				"${TARGET_BUILD_DIR}/${FRAMEWORKS_FOLDER_PATH}/RxLibrary.framework",
				"${TARGET_BUILD_DIR}/${FRAMEWORKS_FOLDER_PATH}/leveldb.framework",
				"${TARGET_BUILD_DIR}/${FRAMEWORKS_FOLDER_PATH}/nanopb.framework",
			);
			runOnlyForDeploymentPostprocessing = 0;
			shellPath = /bin/sh;
			shellScript = "\"${SRCROOT}/Pods/Target Support Files/Pods-LightStripApp/Pods-LightStripApp-frameworks.sh\"\n";
			showEnvVarsInLog = 0;
		};
		52C7CD3112D7F21A570E1D2E /* [CP] Copy Pods Resources */ = {
			isa = PBXShellScriptBuildPhase;
			buildActionMask = 2147483647;
			files = (
			);
			inputPaths = (
			);
			name = "[CP] Copy Pods Resources";
			outputPaths = (
			);
			runOnlyForDeploymentPostprocessing = 0;
			shellPath = /bin/sh;
			shellScript = "\"${SRCROOT}/Pods/Target Support Files/Pods-LightStripApp/Pods-LightStripApp-resources.sh\"\n";
			showEnvVarsInLog = 0;
		};
		A6D04E04034CEAF4EAA8132A /* [CP] Check Pods Manifest.lock */ = {
			isa = PBXShellScriptBuildPhase;
			buildActionMask = 2147483647;
			files = (
			);
			inputPaths = (
				"${PODS_PODFILE_DIR_PATH}/Podfile.lock",
				"${PODS_ROOT}/Manifest.lock",
			);
			name = "[CP] Check Pods Manifest.lock";
			outputPaths = (
				"$(DERIVED_FILE_DIR)/Pods-LightStripApp-checkManifestLockResult.txt",
			);
			runOnlyForDeploymentPostprocessing = 0;
			shellPath = /bin/sh;
			shellScript = "diff \"${PODS_PODFILE_DIR_PATH}/Podfile.lock\" \"${PODS_ROOT}/Manifest.lock\" > /dev/null\nif [ $? != 0 ] ; then\n    # print error to STDERR\n    echo \"error: The sandbox is not in sync with the Podfile.lock. Run 'pod install' or update your CocoaPods installation.\" >&2\n    exit 1\nfi\n# This output is used by Xcode 'outputs' to avoid re-running this script phase.\necho \"SUCCESS\" > \"${SCRIPT_OUTPUT_FILE_0}\"\n";
			showEnvVarsInLog = 0;
		};
/* End PBXShellScriptBuildPhase section */

/* Begin PBXSourcesBuildPhase section */
		3E58CC291F95B6C30010236A /* Sources */ = {
			isa = PBXSourcesBuildPhase;
			buildActionMask = 2147483647;
			files = (
				E9C21F1620033D0900F6A65B /* IDGenerator.swift in Sources */,
				3EFA61831F9D6B4D00FBC94F /* AddDeviceViewController.swift in Sources */,
				E981C1592001C556005F0638 /* DeviceTableViewCell.swift in Sources */,
				3EFA617D1F9D640800FBC94F /* Device.swift in Sources */,
				3EF22F931F95BBC200AF4B19 /* RegisterViewController.swift in Sources */,
				E981C1572001C503005F0638 /* ControlDeviceViewController.swift in Sources */,
				3EF22F8E1F95BBC200AF4B19 /* LoginScreenViewController.swift in Sources */,
				3E531A671FA8281F0061ECB5 /* UserViewController.swift in Sources */,
				3E531A651FA8269C0061ECB5 /* UIColor.swift in Sources */,
				3E93AFE71FBA898E0074A4E5 /* LightStripEnums.swift in Sources */,
				E981C1542001BE63005F0638 /* HomeViewController.swift in Sources */,
				E93228EA1FF5F08F00C60290 /* DeviceCommand.swift in Sources */,
				3E7C23FF1FD05469001D4A5E /* Constants.swift in Sources */,
				E91228AA1FEE0D12003F101F /* UISegmentedControl.swift in Sources */,
				E9B3B68620202AEA0067FFB2 /* DevicesSubNavigationController.swift in Sources */,
				3E93AFE11FBA88E10074A4E5 /* HubCommand.swift in Sources */,
				3E800F121FB31B6600357D58 /* ChangeUUIDViewController.swift in Sources */,
				E981C1451FFF4858005F0638 /* NetworkActual.swift in Sources */,
				3E9572161FCC21D200A9F394 /* DictionaryProtocol.swift in Sources */,
				3E9572181FCC286B00A9F394 /* FirebaseHelper.swift in Sources */,
				3EC9D7491FAD4BB3008E440D /* String.swift in Sources */,
				3EF22F8F1F95BBC200AF4B19 /* HomeTabViewController.swift in Sources */,
				3E58CC311F95B6C30010236A /* AppDelegate.swift in Sources */,
				E981C14B2000CAA6005F0638 /* NetworkBridge.swift in Sources */,
				3ED8131E1FABDC4D001F73D0 /* UIViewControllerExtensions.swift in Sources */,
				3EEC66CE1FBE8F1C0033551C /* AppMeta.swift in Sources */,
				3EEC66CC1FBE8E660033551C /* UIAlertController.swift in Sources */,
				3E0F7D951FAF0E4200352058 /* MQTTDelegate.swift in Sources */,
				3E7C24011FD13FE4001D4A5E /* SetupViewController.swift in Sources */,
				E981C150200196B6005F0638 /* UIView.swift in Sources */,
				3EFA617F1F9D649700FBC94F /* DeviceStore.swift in Sources */,
				3E9C42051FA6930200CB2166 /* ColorStore.swift in Sources */,
				3E0F7D931FAF0AE700352058 /* NetworkFacade.swift in Sources */,
			);
			runOnlyForDeploymentPostprocessing = 0;
		};
/* End PBXSourcesBuildPhase section */

/* Begin PBXVariantGroup section */
		3E58CC341F95B6C30010236A /* Main.storyboard */ = {
			isa = PBXVariantGroup;
			children = (
				3E58CC351F95B6C30010236A /* Base */,
			);
			name = Main.storyboard;
			sourceTree = "<group>";
		};
		3E58CC391F95B6C30010236A /* LaunchScreen.storyboard */ = {
			isa = PBXVariantGroup;
			children = (
				3E58CC3A1F95B6C30010236A /* Base */,
			);
			name = LaunchScreen.storyboard;
			sourceTree = "<group>";
		};
/* End PBXVariantGroup section */

/* Begin XCBuildConfiguration section */
		3E58CC3D1F95B6C30010236A /* Debug */ = {
			isa = XCBuildConfiguration;
			buildSettings = {
				ALWAYS_SEARCH_USER_PATHS = NO;
				CLANG_ANALYZER_NONNULL = YES;
				CLANG_ANALYZER_NUMBER_OBJECT_CONVERSION = YES_AGGRESSIVE;
				CLANG_CXX_LANGUAGE_STANDARD = "gnu++14";
				CLANG_CXX_LIBRARY = "libc++";
				CLANG_ENABLE_MODULES = YES;
				CLANG_ENABLE_OBJC_ARC = YES;
				CLANG_WARN_BLOCK_CAPTURE_AUTORELEASING = YES;
				CLANG_WARN_BOOL_CONVERSION = YES;
				CLANG_WARN_COMMA = YES;
				CLANG_WARN_CONSTANT_CONVERSION = YES;
				CLANG_WARN_DIRECT_OBJC_ISA_USAGE = YES_ERROR;
				CLANG_WARN_DOCUMENTATION_COMMENTS = YES;
				CLANG_WARN_EMPTY_BODY = YES;
				CLANG_WARN_ENUM_CONVERSION = YES;
				CLANG_WARN_INFINITE_RECURSION = YES;
				CLANG_WARN_INT_CONVERSION = YES;
				CLANG_WARN_NON_LITERAL_NULL_CONVERSION = YES;
				CLANG_WARN_OBJC_LITERAL_CONVERSION = YES;
				CLANG_WARN_OBJC_ROOT_CLASS = YES_ERROR;
				CLANG_WARN_RANGE_LOOP_ANALYSIS = YES;
				CLANG_WARN_STRICT_PROTOTYPES = YES;
				CLANG_WARN_SUSPICIOUS_MOVE = YES;
				CLANG_WARN_UNGUARDED_AVAILABILITY = YES_AGGRESSIVE;
				CLANG_WARN_UNREACHABLE_CODE = YES;
				CLANG_WARN__DUPLICATE_METHOD_MATCH = YES;
				CODE_SIGN_IDENTITY = "iPhone Developer";
				COPY_PHASE_STRIP = NO;
				DEBUG_INFORMATION_FORMAT = dwarf;
				ENABLE_STRICT_OBJC_MSGSEND = YES;
				ENABLE_TESTABILITY = YES;
				GCC_C_LANGUAGE_STANDARD = gnu11;
				GCC_DYNAMIC_NO_PIC = NO;
				GCC_NO_COMMON_BLOCKS = YES;
				GCC_OPTIMIZATION_LEVEL = 0;
				GCC_PREPROCESSOR_DEFINITIONS = (
					"DEBUG=1",
					"$(inherited)",
				);
				GCC_WARN_64_TO_32_BIT_CONVERSION = YES;
				GCC_WARN_ABOUT_RETURN_TYPE = YES_ERROR;
				GCC_WARN_UNDECLARED_SELECTOR = YES;
				GCC_WARN_UNINITIALIZED_AUTOS = YES_AGGRESSIVE;
				GCC_WARN_UNUSED_FUNCTION = YES;
				GCC_WARN_UNUSED_VARIABLE = YES;
				IPHONEOS_DEPLOYMENT_TARGET = 11.1;
				MTL_ENABLE_DEBUG_INFO = YES;
				ONLY_ACTIVE_ARCH = YES;
				SDKROOT = iphoneos;
				SWIFT_ACTIVE_COMPILATION_CONDITIONS = DEBUG;
				SWIFT_OPTIMIZATION_LEVEL = "-Onone";
			};
			name = Debug;
		};
		3E58CC3E1F95B6C30010236A /* Release */ = {
			isa = XCBuildConfiguration;
			buildSettings = {
				ALWAYS_SEARCH_USER_PATHS = NO;
				CLANG_ANALYZER_NONNULL = YES;
				CLANG_ANALYZER_NUMBER_OBJECT_CONVERSION = YES_AGGRESSIVE;
				CLANG_CXX_LANGUAGE_STANDARD = "gnu++14";
				CLANG_CXX_LIBRARY = "libc++";
				CLANG_ENABLE_MODULES = YES;
				CLANG_ENABLE_OBJC_ARC = YES;
				CLANG_WARN_BLOCK_CAPTURE_AUTORELEASING = YES;
				CLANG_WARN_BOOL_CONVERSION = YES;
				CLANG_WARN_COMMA = YES;
				CLANG_WARN_CONSTANT_CONVERSION = YES;
				CLANG_WARN_DIRECT_OBJC_ISA_USAGE = YES_ERROR;
				CLANG_WARN_DOCUMENTATION_COMMENTS = YES;
				CLANG_WARN_EMPTY_BODY = YES;
				CLANG_WARN_ENUM_CONVERSION = YES;
				CLANG_WARN_INFINITE_RECURSION = YES;
				CLANG_WARN_INT_CONVERSION = YES;
				CLANG_WARN_NON_LITERAL_NULL_CONVERSION = YES;
				CLANG_WARN_OBJC_LITERAL_CONVERSION = YES;
				CLANG_WARN_OBJC_ROOT_CLASS = YES_ERROR;
				CLANG_WARN_RANGE_LOOP_ANALYSIS = YES;
				CLANG_WARN_STRICT_PROTOTYPES = YES;
				CLANG_WARN_SUSPICIOUS_MOVE = YES;
				CLANG_WARN_UNGUARDED_AVAILABILITY = YES_AGGRESSIVE;
				CLANG_WARN_UNREACHABLE_CODE = YES;
				CLANG_WARN__DUPLICATE_METHOD_MATCH = YES;
				CODE_SIGN_IDENTITY = "iPhone Developer";
				COPY_PHASE_STRIP = NO;
				DEBUG_INFORMATION_FORMAT = "dwarf-with-dsym";
				ENABLE_NS_ASSERTIONS = NO;
				ENABLE_STRICT_OBJC_MSGSEND = YES;
				GCC_C_LANGUAGE_STANDARD = gnu11;
				GCC_NO_COMMON_BLOCKS = YES;
				GCC_WARN_64_TO_32_BIT_CONVERSION = YES;
				GCC_WARN_ABOUT_RETURN_TYPE = YES_ERROR;
				GCC_WARN_UNDECLARED_SELECTOR = YES;
				GCC_WARN_UNINITIALIZED_AUTOS = YES_AGGRESSIVE;
				GCC_WARN_UNUSED_FUNCTION = YES;
				GCC_WARN_UNUSED_VARIABLE = YES;
				IPHONEOS_DEPLOYMENT_TARGET = 11.1;
				MTL_ENABLE_DEBUG_INFO = NO;
				SDKROOT = iphoneos;
				SWIFT_OPTIMIZATION_LEVEL = "-Owholemodule";
				VALIDATE_PRODUCT = YES;
			};
			name = Release;
		};
		3E58CC401F95B6C30010236A /* Debug */ = {
			isa = XCBuildConfiguration;
			baseConfigurationReference = BF134EAEB2A874F9CA6974F8 /* Pods-LightStripApp.debug.xcconfig */;
			buildSettings = {
				ASSETCATALOG_COMPILER_APPICON_NAME = AppIcon;
				CODE_SIGN_ENTITLEMENTS = LightStripApp/LightStripApp.entitlements;
				"CODE_SIGN_IDENTITY[sdk=iphoneos*]" = "iPhone Developer";
				CODE_SIGN_STYLE = Automatic;
				DEVELOPMENT_TEAM = M4L7J68TY9;
				INFOPLIST_FILE = LightStripApp/Info.plist;
				IPHONEOS_DEPLOYMENT_TARGET = 11.0;
				LD_RUNPATH_SEARCH_PATHS = "$(inherited) @executable_path/Frameworks";
				PRODUCT_BUNDLE_IDENTIFIER = com.zhechengxu.LightStripApp;
				PRODUCT_NAME = "$(TARGET_NAME)";
				PROVISIONING_PROFILE = "";
				PROVISIONING_PROFILE_SPECIFIER = "";
				SWIFT_VERSION = 4.0;
				TARGETED_DEVICE_FAMILY = 1;
			};
			name = Debug;
		};
		3E58CC411F95B6C30010236A /* Release */ = {
			isa = XCBuildConfiguration;
			baseConfigurationReference = 6E293F856B8142EFE0F5082E /* Pods-LightStripApp.release.xcconfig */;
			buildSettings = {
				ASSETCATALOG_COMPILER_APPICON_NAME = AppIcon;
				CODE_SIGN_ENTITLEMENTS = LightStripApp/LightStripApp.entitlements;
				"CODE_SIGN_IDENTITY[sdk=iphoneos*]" = "iPhone Developer";
				CODE_SIGN_STYLE = Automatic;
				DEVELOPMENT_TEAM = M4L7J68TY9;
				INFOPLIST_FILE = LightStripApp/Info.plist;
				IPHONEOS_DEPLOYMENT_TARGET = 11.0;
				LD_RUNPATH_SEARCH_PATHS = "$(inherited) @executable_path/Frameworks";
				PRODUCT_BUNDLE_IDENTIFIER = com.zhechengxu.LightStripApp;
				PRODUCT_NAME = "$(TARGET_NAME)";
				PROVISIONING_PROFILE = "";
				PROVISIONING_PROFILE_SPECIFIER = "";
				"PROVISIONING_PROFILE_SPECIFIER[sdk=*]" = "";
				SWIFT_VERSION = 4.0;
				TARGETED_DEVICE_FAMILY = 1;
			};
			name = Release;
		};
/* End XCBuildConfiguration section */

/* Begin XCConfigurationList section */
		3E58CC281F95B6C30010236A /* Build configuration list for PBXProject "LightStripApp" */ = {
			isa = XCConfigurationList;
			buildConfigurations = (
				3E58CC3D1F95B6C30010236A /* Debug */,
				3E58CC3E1F95B6C30010236A /* Release */,
			);
			defaultConfigurationIsVisible = 0;
			defaultConfigurationName = Release;
		};
		3E58CC3F1F95B6C30010236A /* Build configuration list for PBXNativeTarget "LightStripApp" */ = {
			isa = XCConfigurationList;
			buildConfigurations = (
				3E58CC401F95B6C30010236A /* Debug */,
				3E58CC411F95B6C30010236A /* Release */,
			);
			defaultConfigurationIsVisible = 0;
			defaultConfigurationName = Release;
		};
/* End XCConfigurationList section */
	};
	rootObject = 3E58CC251F95B6C30010236A /* Project object */;
}
